// !$*UTF8*$!
{
	archiveVersion = 1;
	classes = {
	};
	objectVersion = 56;
	objects = {

/* Begin PBXBuildFile section */
		0EE1381B29F8D31700DD8745 /* AppDelegate.swift in Sources */ = {isa = PBXBuildFile; fileRef = 0EE1381A29F8D31700DD8745 /* AppDelegate.swift */; };
		0EE1381D29F8D31700DD8745 /* SceneDelegate.swift in Sources */ = {isa = PBXBuildFile; fileRef = 0EE1381C29F8D31700DD8745 /* SceneDelegate.swift */; };
		0EE1381F29F8D31700DD8745 /* HobbiesViewController.swift in Sources */ = {isa = PBXBuildFile; fileRef = 0EE1381E29F8D31700DD8745 /* HobbiesViewController.swift */; };
		0EE1382229F8D31700DD8745 /* Main.storyboard in Resources */ = {isa = PBXBuildFile; fileRef = 0EE1382029F8D31700DD8745 /* Main.storyboard */; };
		0EE1382429F8D31800DD8745 /* Assets.xcassets in Resources */ = {isa = PBXBuildFile; fileRef = 0EE1382329F8D31800DD8745 /* Assets.xcassets */; };
		0EE1382729F8D31800DD8745 /* LaunchScreen.storyboard in Resources */ = {isa = PBXBuildFile; fileRef = 0EE1382529F8D31800DD8745 /* LaunchScreen.storyboard */; };
		0EE1383329F8D60100DD8745 /* DeveloperSkillsViewController.swift in Sources */ = {isa = PBXBuildFile; fileRef = 0EE1383229F8D60100DD8745 /* DeveloperSkillsViewController.swift */; };
		0EE1383529F8D68F00DD8745 /* MainInfoViewController.swift in Sources */ = {isa = PBXBuildFile; fileRef = 0EE1383429F8D68E00DD8745 /* MainInfoViewController.swift */; };
		0EE1383829F8D71D00DD8745 /* NSObject+ClassName.swift in Sources */ = {isa = PBXBuildFile; fileRef = 0EE1383729F8D71D00DD8745 /* NSObject+ClassName.swift */; };
		0EE1383A29F8D78300DD8745 /* TabBarController.swift in Sources */ = {isa = PBXBuildFile; fileRef = 0EE1383929F8D78300DD8745 /* TabBarController.swift */; };
		0EE1383C29F8E0B100DD8745 /* StoryboardNavigator.swift in Sources */ = {isa = PBXBuildFile; fileRef = 0EE1383B29F8E0B100DD8745 /* StoryboardNavigator.swift */; };
		0EE1383E29F8E7F900DD8745 /* ProfileInfo.swift in Sources */ = {isa = PBXBuildFile; fileRef = 0EE1383D29F8E7F900DD8745 /* ProfileInfo.swift */; };
		0EE1384029F9229F00DD8745 /* TabBarItemEnum.swift in Sources */ = {isa = PBXBuildFile; fileRef = 0EE1383F29F9229F00DD8745 /* TabBarItemEnum.swift */; };
		0EE1384329F926D600DD8745 /* SnapKit in Frameworks */ = {isa = PBXBuildFile; productRef = 0EE1384229F926D600DD8745 /* SnapKit */; };
		0EE1384529F9317E00DD8745 /* DevSkillsInfo.swift in Sources */ = {isa = PBXBuildFile; fileRef = 0EE1384429F9317E00DD8745 /* DevSkillsInfo.swift */; };
		0EE1384729F9338800DD8745 /* GetAlexInfoProtocol.swift in Sources */ = {isa = PBXBuildFile; fileRef = 0EE1384629F9338800DD8745 /* GetAlexInfoProtocol.swift */; };
		0EE1384929F975E300DD8745 /* LabelWithInsets.swift in Sources */ = {isa = PBXBuildFile; fileRef = 0EE1384829F975E300DD8745 /* LabelWithInsets.swift */; };
		0EE1384D29FA0E5A00DD8745 /* ViewConfig.swift in Sources */ = {isa = PBXBuildFile; fileRef = 0EE1384C29FA0E5A00DD8745 /* ViewConfig.swift */; };
		0EE1385329FA174D00DD8745 /* HobbiesInfo.swift in Sources */ = {isa = PBXBuildFile; fileRef = 0EE1385229FA174D00DD8745 /* HobbiesInfo.swift */; };
		0EE1385629FAC3C900DD8745 /* Fonts.swift in Sources */ = {isa = PBXBuildFile; fileRef = 0EE1385529FAC3C900DD8745 /* Fonts.swift */; };
		0EE1385829FB7AC500DD8745 /* DefaultMainViewPresentation.swift in Sources */ = {isa = PBXBuildFile; fileRef = 0EE1385729FB7AC500DD8745 /* DefaultMainViewPresentation.swift */; };
/* End PBXBuildFile section */

/* Begin PBXFileReference section */
		0EE1381729F8D31700DD8745 /* homework3.app */ = {isa = PBXFileReference; explicitFileType = wrapper.application; includeInIndex = 0; path = homework3.app; sourceTree = BUILT_PRODUCTS_DIR; };
		0EE1381A29F8D31700DD8745 /* AppDelegate.swift */ = {isa = PBXFileReference; lastKnownFileType = sourcecode.swift; path = AppDelegate.swift; sourceTree = "<group>"; };
		0EE1381C29F8D31700DD8745 /* SceneDelegate.swift */ = {isa = PBXFileReference; lastKnownFileType = sourcecode.swift; path = SceneDelegate.swift; sourceTree = "<group>"; };
		0EE1381E29F8D31700DD8745 /* HobbiesViewController.swift */ = {isa = PBXFileReference; lastKnownFileType = sourcecode.swift; path = HobbiesViewController.swift; sourceTree = "<group>"; };
		0EE1382129F8D31700DD8745 /* Base */ = {isa = PBXFileReference; lastKnownFileType = file.storyboard; name = Base; path = Base.lproj/Main.storyboard; sourceTree = "<group>"; };
		0EE1382329F8D31800DD8745 /* Assets.xcassets */ = {isa = PBXFileReference; lastKnownFileType = folder.assetcatalog; path = Assets.xcassets; sourceTree = "<group>"; };
		0EE1382629F8D31800DD8745 /* Base */ = {isa = PBXFileReference; lastKnownFileType = file.storyboard; name = Base; path = Base.lproj/LaunchScreen.storyboard; sourceTree = "<group>"; };
		0EE1382829F8D31800DD8745 /* Info.plist */ = {isa = PBXFileReference; lastKnownFileType = text.plist.xml; path = Info.plist; sourceTree = "<group>"; };
		0EE1383229F8D60100DD8745 /* DeveloperSkillsViewController.swift */ = {isa = PBXFileReference; lastKnownFileType = sourcecode.swift; path = DeveloperSkillsViewController.swift; sourceTree = "<group>"; };
		0EE1383429F8D68E00DD8745 /* MainInfoViewController.swift */ = {isa = PBXFileReference; lastKnownFileType = sourcecode.swift; path = MainInfoViewController.swift; sourceTree = "<group>"; };
		0EE1383729F8D71D00DD8745 /* NSObject+ClassName.swift */ = {isa = PBXFileReference; lastKnownFileType = sourcecode.swift; path = "NSObject+ClassName.swift"; sourceTree = "<group>"; };
		0EE1383929F8D78300DD8745 /* TabBarController.swift */ = {isa = PBXFileReference; lastKnownFileType = sourcecode.swift; path = TabBarController.swift; sourceTree = "<group>"; };
		0EE1383B29F8E0B100DD8745 /* StoryboardNavigator.swift */ = {isa = PBXFileReference; lastKnownFileType = sourcecode.swift; path = StoryboardNavigator.swift; sourceTree = "<group>"; };
		0EE1383D29F8E7F900DD8745 /* ProfileInfo.swift */ = {isa = PBXFileReference; lastKnownFileType = sourcecode.swift; path = ProfileInfo.swift; sourceTree = "<group>"; };
		0EE1383F29F9229F00DD8745 /* TabBarItemEnum.swift */ = {isa = PBXFileReference; lastKnownFileType = sourcecode.swift; path = TabBarItemEnum.swift; sourceTree = "<group>"; };
		0EE1384429F9317E00DD8745 /* DevSkillsInfo.swift */ = {isa = PBXFileReference; lastKnownFileType = sourcecode.swift; path = DevSkillsInfo.swift; sourceTree = "<group>"; };
		0EE1384629F9338800DD8745 /* GetAlexInfoProtocol.swift */ = {isa = PBXFileReference; lastKnownFileType = sourcecode.swift; path = GetAlexInfoProtocol.swift; sourceTree = "<group>"; };
		0EE1384829F975E300DD8745 /* LabelWithInsets.swift */ = {isa = PBXFileReference; lastKnownFileType = sourcecode.swift; path = LabelWithInsets.swift; sourceTree = "<group>"; };
		0EE1384C29FA0E5A00DD8745 /* ViewConfig.swift */ = {isa = PBXFileReference; lastKnownFileType = sourcecode.swift; path = ViewConfig.swift; sourceTree = "<group>"; };
		0EE1385229FA174D00DD8745 /* HobbiesInfo.swift */ = {isa = PBXFileReference; lastKnownFileType = sourcecode.swift; path = HobbiesInfo.swift; sourceTree = "<group>"; };
		0EE1385529FAC3C900DD8745 /* Fonts.swift */ = {isa = PBXFileReference; lastKnownFileType = sourcecode.swift; path = Fonts.swift; sourceTree = "<group>"; };
		0EE1385729FB7AC500DD8745 /* DefaultMainViewPresentation.swift */ = {isa = PBXFileReference; lastKnownFileType = sourcecode.swift; path = DefaultMainViewPresentation.swift; sourceTree = "<group>"; };
/* End PBXFileReference section */

/* Begin PBXFrameworksBuildPhase section */
		0EE1381429F8D31700DD8745 /* Frameworks */ = {
			isa = PBXFrameworksBuildPhase;
			buildActionMask = 2147483647;
			files = (
				0EE1384329F926D600DD8745 /* SnapKit in Frameworks */,
			);
			runOnlyForDeploymentPostprocessing = 0;
		};
/* End PBXFrameworksBuildPhase section */

/* Begin PBXGroup section */
		0EE1380E29F8D31700DD8745 = {
			isa = PBXGroup;
			children = (
				0EE1381929F8D31700DD8745 /* homework3 */,
				0EE1381829F8D31700DD8745 /* Products */,
			);
			sourceTree = "<group>";
		};
		0EE1381829F8D31700DD8745 /* Products */ = {
			isa = PBXGroup;
			children = (
				0EE1381729F8D31700DD8745 /* homework3.app */,
			);
			name = Products;
			sourceTree = "<group>";
		};
		0EE1381929F8D31700DD8745 /* homework3 */ = {
			isa = PBXGroup;
			children = (
				0EE1385429FAC3B600DD8745 /* Global */,
				0EE1383629F8D70700DD8745 /* Extensions */,
				0EE1382E29F8D53A00DD8745 /* ProfileTabBarController */,
				0EE1381A29F8D31700DD8745 /* AppDelegate.swift */,
				0EE1381C29F8D31700DD8745 /* SceneDelegate.swift */,
				0EE1382029F8D31700DD8745 /* Main.storyboard */,
				0EE1382329F8D31800DD8745 /* Assets.xcassets */,
				0EE1382529F8D31800DD8745 /* LaunchScreen.storyboard */,
				0EE1382829F8D31800DD8745 /* Info.plist */,
			);
			path = homework3;
			sourceTree = "<group>";
		};
		0EE1382E29F8D53A00DD8745 /* ProfileTabBarController */ = {
			isa = PBXGroup;
			children = (
				0EE1384629F9338800DD8745 /* GetAlexInfoProtocol.swift */,
				0EE1383F29F9229F00DD8745 /* TabBarItemEnum.swift */,
				0EE1383929F8D78300DD8745 /* TabBarController.swift */,
				0EE1382F29F8D54D00DD8745 /* MainProfileInfo */,
				0EE1383029F8D57300DD8745 /* DeveloperSkillsInfo */,
				0EE1383129F8D58F00DD8745 /* HobbiesInfo */,
			);
			path = ProfileTabBarController;
			sourceTree = "<group>";
		};
		0EE1382F29F8D54D00DD8745 /* MainProfileInfo */ = {
			isa = PBXGroup;
			children = (
				0EE1383429F8D68E00DD8745 /* MainInfoViewController.swift */,
				0EE1383D29F8E7F900DD8745 /* ProfileInfo.swift */,
			);
			path = MainProfileInfo;
			sourceTree = "<group>";
		};
		0EE1383029F8D57300DD8745 /* DeveloperSkillsInfo */ = {
			isa = PBXGroup;
			children = (
				0EE1383229F8D60100DD8745 /* DeveloperSkillsViewController.swift */,
				0EE1384429F9317E00DD8745 /* DevSkillsInfo.swift */,
			);
			path = DeveloperSkillsInfo;
			sourceTree = "<group>";
		};
		0EE1383129F8D58F00DD8745 /* HobbiesInfo */ = {
			isa = PBXGroup;
			children = (
				0EE1381E29F8D31700DD8745 /* HobbiesViewController.swift */,
				0EE1385229FA174D00DD8745 /* HobbiesInfo.swift */,
			);
			path = HobbiesInfo;
			sourceTree = "<group>";
		};
		0EE1383629F8D70700DD8745 /* Extensions */ = {
			isa = PBXGroup;
			children = (
				0EE1383729F8D71D00DD8745 /* NSObject+ClassName.swift */,
			);
			path = Extensions;
			sourceTree = "<group>";
		};
		0EE1385429FAC3B600DD8745 /* Global */ = {
			isa = PBXGroup;
			children = (
				0EE1385529FAC3C900DD8745 /* Fonts.swift */,
				0EE1384829F975E300DD8745 /* LabelWithInsets.swift */,
				0EE1384C29FA0E5A00DD8745 /* ViewConfig.swift */,
				0EE1383B29F8E0B100DD8745 /* StoryboardNavigator.swift */,
				0EE1385729FB7AC500DD8745 /* DefaultMainViewPresentation.swift */,
			);
			path = Global;
			sourceTree = "<group>";
		};
/* End PBXGroup section */

/* Begin PBXNativeTarget section */
		0EE1381629F8D31700DD8745 /* homework3 */ = {
			isa = PBXNativeTarget;
			buildConfigurationList = 0EE1382B29F8D31800DD8745 /* Build configuration list for PBXNativeTarget "homework3" */;
			buildPhases = (
				0EE1381329F8D31700DD8745 /* Sources */,
				0EE1381429F8D31700DD8745 /* Frameworks */,
				0EE1381529F8D31700DD8745 /* Resources */,
			);
			buildRules = (
			);
			dependencies = (
			);
			name = homework3;
			packageProductDependencies = (
				0EE1384229F926D600DD8745 /* SnapKit */,
			);
			productName = homework3;
			productReference = 0EE1381729F8D31700DD8745 /* homework3.app */;
			productType = "com.apple.product-type.application";
		};
/* End PBXNativeTarget section */

/* Begin PBXProject section */
		0EE1380F29F8D31700DD8745 /* Project object */ = {
			isa = PBXProject;
			attributes = {
				BuildIndependentTargetsInParallel = 1;
				LastSwiftUpdateCheck = 1430;
				LastUpgradeCheck = 1430;
				TargetAttributes = {
					0EE1381629F8D31700DD8745 = {
						CreatedOnToolsVersion = 14.3;
					};
				};
			};
			buildConfigurationList = 0EE1381229F8D31700DD8745 /* Build configuration list for PBXProject "homework3" */;
			compatibilityVersion = "Xcode 14.0";
			developmentRegion = en;
			hasScannedForEncodings = 0;
			knownRegions = (
				en,
				Base,
			);
			mainGroup = 0EE1380E29F8D31700DD8745;
			packageReferences = (
				0EE1384129F926D600DD8745 /* XCRemoteSwiftPackageReference "SnapKit" */,
			);
			productRefGroup = 0EE1381829F8D31700DD8745 /* Products */;
			projectDirPath = "";
			projectRoot = "";
			targets = (
				0EE1381629F8D31700DD8745 /* homework3 */,
			);
		};
/* End PBXProject section */

/* Begin PBXResourcesBuildPhase section */
		0EE1381529F8D31700DD8745 /* Resources */ = {
			isa = PBXResourcesBuildPhase;
			buildActionMask = 2147483647;
			files = (
				0EE1382729F8D31800DD8745 /* LaunchScreen.storyboard in Resources */,
				0EE1382429F8D31800DD8745 /* Assets.xcassets in Resources */,
				0EE1382229F8D31700DD8745 /* Main.storyboard in Resources */,
			);
			runOnlyForDeploymentPostprocessing = 0;
		};
/* End PBXResourcesBuildPhase section */

/* Begin PBXSourcesBuildPhase section */
		0EE1381329F8D31700DD8745 /* Sources */ = {
			isa = PBXSourcesBuildPhase;
			buildActionMask = 2147483647;
			files = (
				0EE1385329FA174D00DD8745 /* HobbiesInfo.swift in Sources */,
				0EE1383C29F8E0B100DD8745 /* StoryboardNavigator.swift in Sources */,
				0EE1384929F975E300DD8745 /* LabelWithInsets.swift in Sources */,
				0EE1383529F8D68F00DD8745 /* MainInfoViewController.swift in Sources */,
				0EE1383829F8D71D00DD8745 /* NSObject+ClassName.swift in Sources */,
				0EE1384029F9229F00DD8745 /* TabBarItemEnum.swift in Sources */,
				0EE1384D29FA0E5A00DD8745 /* ViewConfig.swift in Sources */,
				0EE1383E29F8E7F900DD8745 /* ProfileInfo.swift in Sources */,
				0EE1381F29F8D31700DD8745 /* HobbiesViewController.swift in Sources */,
				0EE1384529F9317E00DD8745 /* DevSkillsInfo.swift in Sources */,
				0EE1383329F8D60100DD8745 /* DeveloperSkillsViewController.swift in Sources */,
				0EE1385829FB7AC500DD8745 /* DefaultMainViewPresentation.swift in Sources */,
				0EE1384729F9338800DD8745 /* GetAlexInfoProtocol.swift in Sources */,
				0EE1383A29F8D78300DD8745 /* TabBarController.swift in Sources */,
				0EE1381B29F8D31700DD8745 /* AppDelegate.swift in Sources */,
				0EE1385629FAC3C900DD8745 /* Fonts.swift in Sources */,
				0EE1381D29F8D31700DD8745 /* SceneDelegate.swift in Sources */,
			);
			runOnlyForDeploymentPostprocessing = 0;
		};
/* End PBXSourcesBuildPhase section */

/* Begin PBXVariantGroup section */
		0EE1382029F8D31700DD8745 /* Main.storyboard */ = {
			isa = PBXVariantGroup;
			children = (
				0EE1382129F8D31700DD8745 /* Base */,
			);
			name = Main.storyboard;
			sourceTree = "<group>";
		};
		0EE1382529F8D31800DD8745 /* LaunchScreen.storyboard */ = {
			isa = PBXVariantGroup;
			children = (
				0EE1382629F8D31800DD8745 /* Base */,
			);
			name = LaunchScreen.storyboard;
			sourceTree = "<group>";
		};
/* End PBXVariantGroup section */

/* Begin XCBuildConfiguration section */
		0EE1382929F8D31800DD8745 /* Debug */ = {
			isa = XCBuildConfiguration;
			buildSettings = {
				ALWAYS_SEARCH_USER_PATHS = NO;
				CLANG_ANALYZER_NONNULL = YES;
				CLANG_ANALYZER_NUMBER_OBJECT_CONVERSION = YES_AGGRESSIVE;
				CLANG_CXX_LANGUAGE_STANDARD = "gnu++20";
				CLANG_ENABLE_MODULES = YES;
				CLANG_ENABLE_OBJC_ARC = YES;
				CLANG_ENABLE_OBJC_WEAK = YES;
				CLANG_WARN_BLOCK_CAPTURE_AUTORELEASING = YES;
				CLANG_WARN_BOOL_CONVERSION = YES;
				CLANG_WARN_COMMA = YES;
				CLANG_WARN_CONSTANT_CONVERSION = YES;
				CLANG_WARN_DEPRECATED_OBJC_IMPLEMENTATIONS = YES;
				CLANG_WARN_DIRECT_OBJC_ISA_USAGE = YES_ERROR;
				CLANG_WARN_DOCUMENTATION_COMMENTS = YES;
				CLANG_WARN_EMPTY_BODY = YES;
				CLANG_WARN_ENUM_CONVERSION = YES;
				CLANG_WARN_INFINITE_RECURSION = YES;
				CLANG_WARN_INT_CONVERSION = YES;
				CLANG_WARN_NON_LITERAL_NULL_CONVERSION = YES;
				CLANG_WARN_OBJC_IMPLICIT_RETAIN_SELF = YES;
				CLANG_WARN_OBJC_LITERAL_CONVERSION = YES;
				CLANG_WARN_OBJC_ROOT_CLASS = YES_ERROR;
				CLANG_WARN_QUOTED_INCLUDE_IN_FRAMEWORK_HEADER = YES;
				CLANG_WARN_RANGE_LOOP_ANALYSIS = YES;
				CLANG_WARN_STRICT_PROTOTYPES = YES;
				CLANG_WARN_SUSPICIOUS_MOVE = YES;
				CLANG_WARN_UNGUARDED_AVAILABILITY = YES_AGGRESSIVE;
				CLANG_WARN_UNREACHABLE_CODE = YES;
				CLANG_WARN__DUPLICATE_METHOD_MATCH = YES;
				COPY_PHASE_STRIP = NO;
				DEBUG_INFORMATION_FORMAT = dwarf;
				ENABLE_STRICT_OBJC_MSGSEND = YES;
				ENABLE_TESTABILITY = YES;
				GCC_C_LANGUAGE_STANDARD = gnu11;
				GCC_DYNAMIC_NO_PIC = NO;
				GCC_NO_COMMON_BLOCKS = YES;
				GCC_OPTIMIZATION_LEVEL = 0;
				GCC_PREPROCESSOR_DEFINITIONS = (
					"DEBUG=1",
					"$(inherited)",
				);
				GCC_WARN_64_TO_32_BIT_CONVERSION = YES;
				GCC_WARN_ABOUT_RETURN_TYPE = YES_ERROR;
				GCC_WARN_UNDECLARED_SELECTOR = YES;
				GCC_WARN_UNINITIALIZED_AUTOS = YES_AGGRESSIVE;
				GCC_WARN_UNUSED_FUNCTION = YES;
				GCC_WARN_UNUSED_VARIABLE = YES;
				IPHONEOS_DEPLOYMENT_TARGET = 16.3;
				MTL_ENABLE_DEBUG_INFO = INCLUDE_SOURCE;
				MTL_FAST_MATH = YES;
				ONLY_ACTIVE_ARCH = YES;
				SDKROOT = iphoneos;
				SWIFT_ACTIVE_COMPILATION_CONDITIONS = DEBUG;
				SWIFT_OPTIMIZATION_LEVEL = "-Onone";
			};
			name = Debug;
		};
		0EE1382A29F8D31800DD8745 /* Release */ = {
			isa = XCBuildConfiguration;
			buildSettings = {
				ALWAYS_SEARCH_USER_PATHS = NO;
				CLANG_ANALYZER_NONNULL = YES;
				CLANG_ANALYZER_NUMBER_OBJECT_CONVERSION = YES_AGGRESSIVE;
				CLANG_CXX_LANGUAGE_STANDARD = "gnu++20";
				CLANG_ENABLE_MODULES = YES;
				CLANG_ENABLE_OBJC_ARC = YES;
				CLANG_ENABLE_OBJC_WEAK = YES;
				CLANG_WARN_BLOCK_CAPTURE_AUTORELEASING = YES;
				CLANG_WARN_BOOL_CONVERSION = YES;
				CLANG_WARN_COMMA = YES;
				CLANG_WARN_CONSTANT_CONVERSION = YES;
				CLANG_WARN_DEPRECATED_OBJC_IMPLEMENTATIONS = YES;
				CLANG_WARN_DIRECT_OBJC_ISA_USAGE = YES_ERROR;
				CLANG_WARN_DOCUMENTATION_COMMENTS = YES;
				CLANG_WARN_EMPTY_BODY = YES;
				CLANG_WARN_ENUM_CONVERSION = YES;
				CLANG_WARN_INFINITE_RECURSION = YES;
				CLANG_WARN_INT_CONVERSION = YES;
				CLANG_WARN_NON_LITERAL_NULL_CONVERSION = YES;
				CLANG_WARN_OBJC_IMPLICIT_RETAIN_SELF = YES;
				CLANG_WARN_OBJC_LITERAL_CONVERSION = YES;
				CLANG_WARN_OBJC_ROOT_CLASS = YES_ERROR;
				CLANG_WARN_QUOTED_INCLUDE_IN_FRAMEWORK_HEADER = YES;
				CLANG_WARN_RANGE_LOOP_ANALYSIS = YES;
				CLANG_WARN_STRICT_PROTOTYPES = YES;
				CLANG_WARN_SUSPICIOUS_MOVE = YES;
				CLANG_WARN_UNGUARDED_AVAILABILITY = YES_AGGRESSIVE;
				CLANG_WARN_UNREACHABLE_CODE = YES;
				CLANG_WARN__DUPLICATE_METHOD_MATCH = YES;
				COPY_PHASE_STRIP = NO;
				DEBUG_INFORMATION_FORMAT = "dwarf-with-dsym";
				ENABLE_NS_ASSERTIONS = NO;
				ENABLE_STRICT_OBJC_MSGSEND = YES;
				GCC_C_LANGUAGE_STANDARD = gnu11;
				GCC_NO_COMMON_BLOCKS = YES;
				GCC_WARN_64_TO_32_BIT_CONVERSION = YES;
				GCC_WARN_ABOUT_RETURN_TYPE = YES_ERROR;
				GCC_WARN_UNDECLARED_SELECTOR = YES;
				GCC_WARN_UNINITIALIZED_AUTOS = YES_AGGRESSIVE;
				GCC_WARN_UNUSED_FUNCTION = YES;
				GCC_WARN_UNUSED_VARIABLE = YES;
				IPHONEOS_DEPLOYMENT_TARGET = 16.3;
				MTL_ENABLE_DEBUG_INFO = NO;
				MTL_FAST_MATH = YES;
				SDKROOT = iphoneos;
				SWIFT_COMPILATION_MODE = wholemodule;
				SWIFT_OPTIMIZATION_LEVEL = "-O";
				VALIDATE_PRODUCT = YES;
			};
			name = Release;
		};
		0EE1382C29F8D31800DD8745 /* Debug */ = {
			isa = XCBuildConfiguration;
			buildSettings = {
				ASSETCATALOG_COMPILER_APPICON_NAME = AppIcon;
				ASSETCATALOG_COMPILER_GLOBAL_ACCENT_COLOR_NAME = AccentColor;
				CODE_SIGN_STYLE = Automatic;
				CURRENT_PROJECT_VERSION = 1;
				DEVELOPMENT_TEAM = NLAP4M3WXM;
				GENERATE_INFOPLIST_FILE = YES;
				INFOPLIST_FILE = homework3/Info.plist;
				INFOPLIST_KEY_UIApplicationSupportsIndirectInputEvents = YES;
				INFOPLIST_KEY_UILaunchStoryboardName = LaunchScreen;
				INFOPLIST_KEY_UIMainStoryboardFile = Main;
				INFOPLIST_KEY_UISupportedInterfaceOrientations_iPad = "UIInterfaceOrientationPortrait UIInterfaceOrientationPortraitUpsideDown UIInterfaceOrientationLandscapeLeft UIInterfaceOrientationLandscapeRight";
				INFOPLIST_KEY_UISupportedInterfaceOrientations_iPhone = "UIInterfaceOrientationPortrait UIInterfaceOrientationLandscapeLeft UIInterfaceOrientationLandscapeRight";
				LD_RUNPATH_SEARCH_PATHS = (
					"$(inherited)",
					"@executable_path/Frameworks",
				);
				MARKETING_VERSION = 1.0;
				PRODUCT_BUNDLE_IDENTIFIER = Student.homework3;
				PRODUCT_NAME = "$(TARGET_NAME)";
				SWIFT_EMIT_LOC_STRINGS = YES;
				SWIFT_VERSION = 5.0;
				TARGETED_DEVICE_FAMILY = "1,2";
			};
			name = Debug;
		};
		0EE1382D29F8D31800DD8745 /* Release */ = {
			isa = XCBuildConfiguration;
			buildSettings = {
				ASSETCATALOG_COMPILER_APPICON_NAME = AppIcon;
				ASSETCATALOG_COMPILER_GLOBAL_ACCENT_COLOR_NAME = AccentColor;
				CODE_SIGN_STYLE = Automatic;
				CURRENT_PROJECT_VERSION = 1;
				DEVELOPMENT_TEAM = NLAP4M3WXM;
				GENERATE_INFOPLIST_FILE = YES;
				INFOPLIST_FILE = homework3/Info.plist;
				INFOPLIST_KEY_UIApplicationSupportsIndirectInputEvents = YES;
				INFOPLIST_KEY_UILaunchStoryboardName = LaunchScreen;
				INFOPLIST_KEY_UIMainStoryboardFile = Main;
				INFOPLIST_KEY_UISupportedInterfaceOrientations_iPad = "UIInterfaceOrientationPortrait UIInterfaceOrientationPortraitUpsideDown UIInterfaceOrientationLandscapeLeft UIInterfaceOrientationLandscapeRight";
				INFOPLIST_KEY_UISupportedInterfaceOrientations_iPhone = "UIInterfaceOrientationPortrait UIInterfaceOrientationLandscapeLeft UIInterfaceOrientationLandscapeRight";
				LD_RUNPATH_SEARCH_PATHS = (
					"$(inherited)",
					"@executable_path/Frameworks",
				);
				MARKETING_VERSION = 1.0;
				PRODUCT_BUNDLE_IDENTIFIER = Student.homework3;
				PRODUCT_NAME = "$(TARGET_NAME)";
				SWIFT_EMIT_LOC_STRINGS = YES;
				SWIFT_VERSION = 5.0;
				TARGETED_DEVICE_FAMILY = "1,2";
			};
			name = Release;
		};
/* End XCBuildConfiguration section */

/* Begin XCConfigurationList section */
		0EE1381229F8D31700DD8745 /* Build configuration list for PBXProject "homework3" */ = {
			isa = XCConfigurationList;
			buildConfigurations = (
				0EE1382929F8D31800DD8745 /* Debug */,
				0EE1382A29F8D31800DD8745 /* Release */,
			);
			defaultConfigurationIsVisible = 0;
			defaultConfigurationName = Release;
		};
		0EE1382B29F8D31800DD8745 /* Build configuration list for PBXNativeTarget "homework3" */ = {
			isa = XCConfigurationList;
			buildConfigurations = (
				0EE1382C29F8D31800DD8745 /* Debug */,
				0EE1382D29F8D31800DD8745 /* Release */,
			);
			defaultConfigurationIsVisible = 0;
			defaultConfigurationName = Release;
		};
/* End XCConfigurationList section */

/* Begin XCRemoteSwiftPackageReference section */
		0EE1384129F926D600DD8745 /* XCRemoteSwiftPackageReference "SnapKit" */ = {
			isa = XCRemoteSwiftPackageReference;
			repositoryURL = "https://github.com/SnapKit/SnapKit.git";
			requirement = {
				kind = upToNextMajorVersion;
				minimumVersion = 5.0.0;
			};
		};
/* End XCRemoteSwiftPackageReference section */

/* Begin XCSwiftPackageProductDependency section */
		0EE1384229F926D600DD8745 /* SnapKit */ = {
			isa = XCSwiftPackageProductDependency;
			package = 0EE1384129F926D600DD8745 /* XCRemoteSwiftPackageReference "SnapKit" */;
			productName = SnapKit;
		};
/* End XCSwiftPackageProductDependency section */
	};
	rootObject = 0EE1380F29F8D31700DD8745 /* Project object */;
}
